
Microsoft Visual Studio Solution File, Format Version 12.00
# Visual Studio Version 17
VisualStudioVersion = 17.13.35806.99 d17.13
MinimumVisualStudioVersion = 10.0.40219.1
Project("{FAE04EC0-301F-11D3-BF4B-00C04F79EFBC}") = "SpotAward", "SpotAward.csproj", "{E4CDB3A2-F170-443F-9FDF-498F5A9BC5FF}"
EndProject
Global
	GlobalSection(SolutionConfigurationPlatforms) = preSolution
		Debug|Any CPU = Debug|Any CPU
		Release|Any CPU = Release|Any CPU
	EndGlobalSection
	GlobalSection(ProjectConfigurationPlatforms) = postSolution
		{E4CDB3A2-F170-443F-9FDF-498F5A9BC5FF}.Debug|Any CPU.ActiveCfg = Debug|Any CPU
		{E4CDB3A2-F170-443F-9FDF-498F5A9BC5FF}.Debug|Any CPU.Build.0 = Debug|Any CPU
		{E4CDB3A2-F170-443F-9FDF-498F5A9BC5FF}.Release|Any CPU.ActiveCfg = Release|Any CPU
		{E4CDB3A2-F170-443F-9FDF-498F5A9BC5FF}.Release|Any CPU.Build.0 = Release|Any CPU
	EndGlobalSection
	GlobalSection(SolutionProperties) = preSolution
		HideSolutionNode = FALSE
	EndGlobalSection
	GlobalSection(ExtensibilityGlobals) = postSolution
		SolutionGuid = {2A3C28C1-A102-497A-A5CA-BB07F0D53457}
	EndGlobalSection
EndGlobal
